<?xml version="1.0" encoding="utf-8"?>
<Project ToolsVersion="4.0" xmlns="http://schemas.microsoft.com/developer/msbuild/2003">
  <ItemGroup>
    <Filter Include="Source Files">
      <UniqueIdentifier>{4FC737F1-C7A5-4376-A066-2A32D752A2FF}</UniqueIdentifier>
      <Extensions>cpp;c;cc;cxx;c++;cppm;ixx;def;odl;idl;hpj;bat;asm;asmx</Extensions>
    </Filter>
    <Filter Include="Header Files">
      <UniqueIdentifier>{93995380-89BD-4b04-88EB-625FBE52EBFB}</UniqueIdentifier>
      <Extensions>h;hh;hpp;hxx;h++;hm;inl;inc;ipp;xsd</Extensions>
    </Filter>
    <Filter Include="Resource Files">
      <UniqueIdentifier>{67DA6AB6-F800-4c08-8B7A-83BB121AAD01}</UniqueIdentifier>
      <Extensions>rc;ico;cur;bmp;dlg;rc2;rct;bin;rgs;gif;jpg;jpeg;jpe;resx;tiff;tif;png;wav;mfcribbon-ms</Extensions>
    </Filter>
    <Filter Include="Resource Files\pch">
      <UniqueIdentifier>{666ca95a-9cc2-4a82-80d0-ad22cbce179f}</UniqueIdentifier>
    </Filter>
    <Filter Include="Source Files\Timer">
      <UniqueIdentifier>{6bc9c87c-f061-4e62-8c8f-d0104c8a8399}</UniqueIdentifier>
    </Filter>
    <Filter Include="Source Files\Player">
      <UniqueIdentifier>{e439c946-76c3-4774-be9b-efe05683c76b}</UniqueIdentifier>
    </Filter>
    <Filter Include="Source Files\Input">
      <UniqueIdentifier>{15f88b90-d485-4f0a-8ca2-72eb417fba80}</UniqueIdentifier>
    </Filter>
    <Filter Include="Source Files\JsonReaderWriter">
      <UniqueIdentifier>{e7d1d9ca-830b-4a20-9d56-542f2fc483c4}</UniqueIdentifier>
    </Filter>
    <Filter Include="Source Files\Map">
      <UniqueIdentifier>{95510cb5-9f31-4780-968f-486a8428e9d8}</UniqueIdentifier>
    </Filter>
  </ItemGroup>
  <ItemGroup>
    <ClInclude Include="pch.h">
      <Filter>Resource Files\pch</Filter>
    </ClInclude>
    <ClInclude Include="cJsonReader.h">
      <Filter>Source Files\JsonReaderWriter</Filter>
    </ClInclude>
    <ClInclude Include="cHiResTimer.h">
      <Filter>Source Files\Timer</Filter>
    </ClInclude>
    <ClInclude Include="cJsonWriter.h">
      <Filter>Source Files\JsonReaderWriter</Filter>
    </ClInclude>
    <ClInclude Include="sPlayerAttributes.h">
      <Filter>Source Files\Player</Filter>
    </ClInclude>
    <ClInclude Include="sMouseAttributes.h">
      <Filter>Source Files\Input</Filter>
    </ClInclude>
    <ClInclude Include="cMap.h">
      <Filter>Source Files\Map</Filter>
    </ClInclude>
  </ItemGroup>
  <ItemGroup>
    <ClCompile Include="pch.cpp">
      <Filter>Resource Files\pch</Filter>
    </ClCompile>
    <ClCompile Include="cJsonReader.cpp">
      <Filter>Source Files\JsonReaderWriter</Filter>
    </ClCompile>
    <ClCompile Include="cHiResTimer.cpp">
      <Filter>Source Files\Timer</Filter>
    </ClCompile>
    <ClCompile Include="main.cpp">
      <Filter>Source Files</Filter>
    </ClCompile>
    <ClCompile Include="GameWorldIdea.cpp">
      <Filter>Source Files</Filter>
    </ClCompile>
    <ClCompile Include="cJsonWriter.cpp">
      <Filter>Source Files\JsonReaderWriter</Filter>
    </ClCompile>
    <ClCompile Include="InputControl.cpp">
      <Filter>Source Files\Input</Filter>
    </ClCompile>
    <ClCompile Include="dummy.cpp">
      <Filter>Source Files</Filter>
    </ClCompile>
    <ClCompile Include="sPlayerAttributes.cpp">
      <Filter>Source Files\Player</Filter>
    </ClCompile>
    <ClCompile Include="cMap.cpp">
      <Filter>Source Files\Map</Filter>
    </ClCompile>
  </ItemGroup>
</Project>